
Microsoft Visual Studio Solution File, Format Version 12.00
# Visual Studio Version 16
VisualStudioVersion = 16.0.31321.278
MinimumVisualStudioVersion = 10.0.40219.1
Project("{FAE04EC0-301F-11D3-BF4B-00C04F79EFBC}") = "053505_Karachun_Lab11Task1", "053505_Karachun_Lab11Task1\053505_Karachun_Lab11Task1.csproj", "{EE961551-8C22-46F9-AD38-1D748086AC48}"
EndProject
Project("{FAE04EC0-301F-11D3-BF4B-00C04F79EFBC}") = "SinusFunc", "SinusFunc\SinusFunc.csproj", "{C68D6A5C-BBF5-4C91-9D46-F4E447AD342B}"
EndProject
Project("{FAE04EC0-301F-11D3-BF4B-00C04F79EFBC}") = "CountSinus", "CountSinus\CountSinus.csproj", "{2EA22CE0-1475-4BA4-AF7D-38FFE6C54017}"
EndProject
Global
	GlobalSection(SolutionConfigurationPlatforms) = preSolution
		Debug|Any CPU = Debug|Any CPU
		Release|Any CPU = Release|Any CPU
	EndGlobalSection
	GlobalSection(ProjectConfigurationPlatforms) = postSolution
		{EE961551-8C22-46F9-AD38-1D748086AC48}.Debug|Any CPU.ActiveCfg = Debug|Any CPU
		{EE961551-8C22-46F9-AD38-1D748086AC48}.Debug|Any CPU.Build.0 = Debug|Any CPU
		{EE961551-8C22-46F9-AD38-1D748086AC48}.Release|Any CPU.ActiveCfg = Release|Any CPU
		{EE961551-8C22-46F9-AD38-1D748086AC48}.Release|Any CPU.Build.0 = Release|Any CPU
		{C68D6A5C-BBF5-4C91-9D46-F4E447AD342B}.Debug|Any CPU.ActiveCfg = Debug|Any CPU
		{C68D6A5C-BBF5-4C91-9D46-F4E447AD342B}.Debug|Any CPU.Build.0 = Debug|Any CPU
		{C68D6A5C-BBF5-4C91-9D46-F4E447AD342B}.Release|Any CPU.ActiveCfg = Release|Any CPU
		{C68D6A5C-BBF5-4C91-9D46-F4E447AD342B}.Release|Any CPU.Build.0 = Release|Any CPU
		{2EA22CE0-1475-4BA4-AF7D-38FFE6C54017}.Debug|Any CPU.ActiveCfg = Debug|Any CPU
		{2EA22CE0-1475-4BA4-AF7D-38FFE6C54017}.Debug|Any CPU.Build.0 = Debug|Any CPU
		{2EA22CE0-1475-4BA4-AF7D-38FFE6C54017}.Release|Any CPU.ActiveCfg = Release|Any CPU
		{2EA22CE0-1475-4BA4-AF7D-38FFE6C54017}.Release|Any CPU.Build.0 = Release|Any CPU
	EndGlobalSection
	GlobalSection(SolutionProperties) = preSolution
		HideSolutionNode = FALSE
	EndGlobalSection
	GlobalSection(ExtensibilityGlobals) = postSolution
		SolutionGuid = {820097D5-4286-4CC0-AF47-1ECBDED07D69}
	EndGlobalSection
EndGlobal
