
Microsoft Visual Studio Solution File, Format Version 12.00
# Visual Studio Version 16
VisualStudioVersion = 16.0.31321.278
MinimumVisualStudioVersion = 10.0.40219.1
Project("{FAE04EC0-301F-11D3-BF4B-00C04F79EFBC}") = "053505_Karachun_Lab9", "053505_Karachun_Lab9\053505_Karachun_Lab9.csproj", "{6B7A14B0-20D2-4734-9F9B-D48C14D4352B}"
EndProject
Project("{FAE04EC0-301F-11D3-BF4B-00C04F79EFBC}") = "053505_Karachun_Lab9.Domain", "053505_Karachun_Lab9.Domain\053505_Karachun_Lab9.Domain.csproj", "{8A1113E3-46C9-4C4D-8088-051B29F34CE2}"
EndProject
Project("{FAE04EC0-301F-11D3-BF4B-00C04F79EFBC}") = "Serializer", "Serializer\Serializer.csproj", "{98CC7CF2-E754-41F0-B823-D45038102E3B}"
EndProject
Global
	GlobalSection(SolutionConfigurationPlatforms) = preSolution
		Debug|Any CPU = Debug|Any CPU
		Release|Any CPU = Release|Any CPU
	EndGlobalSection
	GlobalSection(ProjectConfigurationPlatforms) = postSolution
		{6B7A14B0-20D2-4734-9F9B-D48C14D4352B}.Debug|Any CPU.ActiveCfg = Debug|Any CPU
		{6B7A14B0-20D2-4734-9F9B-D48C14D4352B}.Debug|Any CPU.Build.0 = Debug|Any CPU
		{6B7A14B0-20D2-4734-9F9B-D48C14D4352B}.Release|Any CPU.ActiveCfg = Release|Any CPU
		{6B7A14B0-20D2-4734-9F9B-D48C14D4352B}.Release|Any CPU.Build.0 = Release|Any CPU
		{8A1113E3-46C9-4C4D-8088-051B29F34CE2}.Debug|Any CPU.ActiveCfg = Debug|Any CPU
		{8A1113E3-46C9-4C4D-8088-051B29F34CE2}.Debug|Any CPU.Build.0 = Debug|Any CPU
		{8A1113E3-46C9-4C4D-8088-051B29F34CE2}.Release|Any CPU.ActiveCfg = Release|Any CPU
		{8A1113E3-46C9-4C4D-8088-051B29F34CE2}.Release|Any CPU.Build.0 = Release|Any CPU
		{98CC7CF2-E754-41F0-B823-D45038102E3B}.Debug|Any CPU.ActiveCfg = Debug|Any CPU
		{98CC7CF2-E754-41F0-B823-D45038102E3B}.Debug|Any CPU.Build.0 = Debug|Any CPU
		{98CC7CF2-E754-41F0-B823-D45038102E3B}.Release|Any CPU.ActiveCfg = Release|Any CPU
		{98CC7CF2-E754-41F0-B823-D45038102E3B}.Release|Any CPU.Build.0 = Release|Any CPU
	EndGlobalSection
	GlobalSection(SolutionProperties) = preSolution
		HideSolutionNode = FALSE
	EndGlobalSection
	GlobalSection(ExtensibilityGlobals) = postSolution
		SolutionGuid = {476AEB67-F8F3-4D16-A964-4A656B567329}
	EndGlobalSection
EndGlobal
